// !$*UTF8*$!
{
	archiveVersion = 1;
	classes = {
	};
	objectVersion = 46;
	objects = {

/* Begin PBXBuildFile section */
		6A58EBB5BDD7B3ED0B759C78 /* Pods_LocationWeather.framework in Frameworks */ = {isa = PBXBuildFile; fileRef = 5DD9D50FF417F1C4E7C8A146 /* Pods_LocationWeather.framework */; };
		F986A47F1D26B9D800E1256C /* weathericons-regular-webfont.ttf in Resources */ = {isa = PBXBuildFile; fileRef = F986A47E1D26B8E800E1256C /* weathericons-regular-webfont.ttf */; };
		F986A4811D26C64A00E1256C /* WeatherIcons.swift in Sources */ = {isa = PBXBuildFile; fileRef = F986A4801D26C64A00E1256C /* WeatherIcons.swift */; };
		F9E751071D2681770068E5B5 /* AppDelegate.swift in Sources */ = {isa = PBXBuildFile; fileRef = F9E751061D2681770068E5B5 /* AppDelegate.swift */; };
		F9E751091D2681770068E5B5 /* ViewController.swift in Sources */ = {isa = PBXBuildFile; fileRef = F9E751081D2681770068E5B5 /* ViewController.swift */; };
		F9E7510C1D2681770068E5B5 /* Main.storyboard in Resources */ = {isa = PBXBuildFile; fileRef = F9E7510A1D2681770068E5B5 /* Main.storyboard */; };
		F9E7510E1D2681770068E5B5 /* Assets.xcassets in Resources */ = {isa = PBXBuildFile; fileRef = F9E7510D1D2681770068E5B5 /* Assets.xcassets */; };
		F9E751111D2681770068E5B5 /* LaunchScreen.storyboard in Resources */ = {isa = PBXBuildFile; fileRef = F9E7510F1D2681770068E5B5 /* LaunchScreen.storyboard */; };
/* End PBXBuildFile section */

/* Begin PBXFileReference section */
		5DD9D50FF417F1C4E7C8A146 /* Pods_LocationWeather.framework */ = {isa = PBXFileReference; explicitFileType = wrapper.framework; includeInIndex = 0; path = Pods_LocationWeather.framework; sourceTree = BUILT_PRODUCTS_DIR; };
		82D6887A699074509FF2211A /* Pods-LocationWeather.release.xcconfig */ = {isa = PBXFileReference; includeInIndex = 1; lastKnownFileType = text.xcconfig; name = "Pods-LocationWeather.release.xcconfig"; path = "Pods/Target Support Files/Pods-LocationWeather/Pods-LocationWeather.release.xcconfig"; sourceTree = "<group>"; };
		995451AFE89B96D50729BF89 /* Pods-LocationWeather.debug.xcconfig */ = {isa = PBXFileReference; includeInIndex = 1; lastKnownFileType = text.xcconfig; name = "Pods-LocationWeather.debug.xcconfig"; path = "Pods/Target Support Files/Pods-LocationWeather/Pods-LocationWeather.debug.xcconfig"; sourceTree = "<group>"; };
		F986A47E1D26B8E800E1256C /* weathericons-regular-webfont.ttf */ = {isa = PBXFileReference; lastKnownFileType = file; path = "weathericons-regular-webfont.ttf"; sourceTree = "<group>"; };
		F986A4801D26C64A00E1256C /* WeatherIcons.swift */ = {isa = PBXFileReference; fileEncoding = 4; lastKnownFileType = sourcecode.swift; path = WeatherIcons.swift; sourceTree = "<group>"; };
		F9E751031D2681770068E5B5 /* LocationWeather.app */ = {isa = PBXFileReference; explicitFileType = wrapper.application; includeInIndex = 0; path = LocationWeather.app; sourceTree = BUILT_PRODUCTS_DIR; };
		F9E751061D2681770068E5B5 /* AppDelegate.swift */ = {isa = PBXFileReference; lastKnownFileType = sourcecode.swift; path = AppDelegate.swift; sourceTree = "<group>"; };
		F9E751081D2681770068E5B5 /* ViewController.swift */ = {isa = PBXFileReference; lastKnownFileType = sourcecode.swift; path = ViewController.swift; sourceTree = "<group>"; };
		F9E7510B1D2681770068E5B5 /* Base */ = {isa = PBXFileReference; lastKnownFileType = file.storyboard; name = Base; path = Base.lproj/Main.storyboard; sourceTree = "<group>"; };
		F9E7510D1D2681770068E5B5 /* Assets.xcassets */ = {isa = PBXFileReference; lastKnownFileType = folder.assetcatalog; path = Assets.xcassets; sourceTree = "<group>"; };
		F9E751101D2681770068E5B5 /* Base */ = {isa = PBXFileReference; lastKnownFileType = file.storyboard; name = Base; path = Base.lproj/LaunchScreen.storyboard; sourceTree = "<group>"; };
		F9E751121D2681770068E5B5 /* Info.plist */ = {isa = PBXFileReference; lastKnownFileType = text.plist.xml; path = Info.plist; sourceTree = "<group>"; };
/* End PBXFileReference section */

/* Begin PBXFrameworksBuildPhase section */
		F9E751001D2681770068E5B5 /* Frameworks */ = {
			isa = PBXFrameworksBuildPhase;
			buildActionMask = 2147483647;
			files = (
				6A58EBB5BDD7B3ED0B759C78 /* Pods_LocationWeather.framework in Frameworks */,
			);
			runOnlyForDeploymentPostprocessing = 0;
		};
/* End PBXFrameworksBuildPhase section */

/* Begin PBXGroup section */
		CA2D70B416EE8CBE2360D540 /* Frameworks */ = {
			isa = PBXGroup;
			children = (
				5DD9D50FF417F1C4E7C8A146 /* Pods_LocationWeather.framework */,
			);
			name = Frameworks;
			sourceTree = "<group>";
		};
		F129EE5B09A54A3449E33497 /* Pods */ = {
			isa = PBXGroup;
			children = (
				995451AFE89B96D50729BF89 /* Pods-LocationWeather.debug.xcconfig */,
				82D6887A699074509FF2211A /* Pods-LocationWeather.release.xcconfig */,
			);
			name = Pods;
			sourceTree = "<group>";
		};
		F986A47D1D26B8BF00E1256C /* Fonts */ = {
			isa = PBXGroup;
			children = (
				F986A47E1D26B8E800E1256C /* weathericons-regular-webfont.ttf */,
			);
			name = Fonts;
			sourceTree = "<group>";
		};
		F9E750FA1D2681770068E5B5 = {
			isa = PBXGroup;
			children = (
				F986A47D1D26B8BF00E1256C /* Fonts */,
				F9E751051D2681770068E5B5 /* LocationWeather */,
				F9E751041D2681770068E5B5 /* Products */,
				F129EE5B09A54A3449E33497 /* Pods */,
				CA2D70B416EE8CBE2360D540 /* Frameworks */,
			);
			sourceTree = "<group>";
		};
		F9E751041D2681770068E5B5 /* Products */ = {
			isa = PBXGroup;
			children = (
				F9E751031D2681770068E5B5 /* LocationWeather.app */,
			);
			name = Products;
			sourceTree = "<group>";
		};
		F9E751051D2681770068E5B5 /* LocationWeather */ = {
			isa = PBXGroup;
			children = (
				F9E751061D2681770068E5B5 /* AppDelegate.swift */,
				F9E751081D2681770068E5B5 /* ViewController.swift */,
				F9E7510A1D2681770068E5B5 /* Main.storyboard */,
				F9E7510D1D2681770068E5B5 /* Assets.xcassets */,
				F9E7510F1D2681770068E5B5 /* LaunchScreen.storyboard */,
				F9E751121D2681770068E5B5 /* Info.plist */,
				F986A4801D26C64A00E1256C /* WeatherIcons.swift */,
			);
			path = LocationWeather;
			sourceTree = "<group>";
		};
/* End PBXGroup section */

/* Begin PBXNativeTarget section */
		F9E751021D2681770068E5B5 /* LocationWeather */ = {
			isa = PBXNativeTarget;
			buildConfigurationList = F9E751151D2681770068E5B5 /* Build configuration list for PBXNativeTarget "LocationWeather" */;
			buildPhases = (
				3F2F423BF610C43A4C2EA17F /* [CP] Check Pods Manifest.lock */,
				F9E750FF1D2681770068E5B5 /* Sources */,
				F9E751001D2681770068E5B5 /* Frameworks */,
				F9E751011D2681770068E5B5 /* Resources */,
				43A463BF2C1098D3D54526A3 /* [CP] Embed Pods Frameworks */,
				42123B65487836AC420C04F1 /* [CP] Copy Pods Resources */,
			);
			buildRules = (
			);
			dependencies = (
			);
			name = LocationWeather;
			productName = LocationWeather;
			productReference = F9E751031D2681770068E5B5 /* LocationWeather.app */;
			productType = "com.apple.product-type.application";
		};
/* End PBXNativeTarget section */

/* Begin PBXProject section */
		F9E750FB1D2681770068E5B5 /* Project object */ = {
			isa = PBXProject;
			attributes = {
				LastSwiftUpdateCheck = 0730;
				LastUpgradeCheck = 0730;
				ORGANIZATIONNAME = "NeiL Liu";
				TargetAttributes = {
					F9E751021D2681770068E5B5 = {
						CreatedOnToolsVersion = 7.3.1;
						DevelopmentTeam = 9BNHF9ARZZ;
					};
				};
			};
			buildConfigurationList = F9E750FE1D2681770068E5B5 /* Build configuration list for PBXProject "LocationWeather" */;
			compatibilityVersion = "Xcode 3.2";
			developmentRegion = English;
			hasScannedForEncodings = 0;
			knownRegions = (
				en,
				Base,
			);
			mainGroup = F9E750FA1D2681770068E5B5;
			productRefGroup = F9E751041D2681770068E5B5 /* Products */;
			projectDirPath = "";
			projectRoot = "";
			targets = (
				F9E751021D2681770068E5B5 /* LocationWeather */,
			);
		};
/* End PBXProject section */

/* Begin PBXResourcesBuildPhase section */
		F9E751011D2681770068E5B5 /* Resources */ = {
			isa = PBXResourcesBuildPhase;
			buildActionMask = 2147483647;
			files = (
				F9E751111D2681770068E5B5 /* LaunchScreen.storyboard in Resources */,
				F9E7510E1D2681770068E5B5 /* Assets.xcassets in Resources */,
				F986A47F1D26B9D800E1256C /* weathericons-regular-webfont.ttf in Resources */,
				F9E7510C1D2681770068E5B5 /* Main.storyboard in Resources */,
			);
			runOnlyForDeploymentPostprocessing = 0;
		};
/* End PBXResourcesBuildPhase section */

/* Begin PBXShellScriptBuildPhase section */
		3F2F423BF610C43A4C2EA17F /* [CP] Check Pods Manifest.lock */ = {
			isa = PBXShellScriptBuildPhase;
			buildActionMask = 2147483647;
			files = (
			);
			inputPaths = (
			);
			name = "[CP] Check Pods Manifest.lock";
			outputPaths = (
			);
			runOnlyForDeploymentPostprocessing = 0;
			shellPath = /bin/sh;
			shellScript = "diff \"${PODS_ROOT}/../Podfile.lock\" \"${PODS_ROOT}/Manifest.lock\" > /dev/null\nif [[ $? != 0 ]] ; then\n    cat << EOM\nerror: The sandbox is not in sync with the Podfile.lock. Run 'pod install' or update your CocoaPods installation.\nEOM\n    exit 1\nfi\n";
			showEnvVarsInLog = 0;
		};
		42123B65487836AC420C04F1 /* [CP] Copy Pods Resources */ = {
			isa = PBXShellScriptBuildPhase;
			buildActionMask = 2147483647;
			files = (
			);
			inputPaths = (
			);
			name = "[CP] Copy Pods Resources";
			outputPaths = (
			);
			runOnlyForDeploymentPostprocessing = 0;
			shellPath = /bin/sh;
			shellScript = "\"${SRCROOT}/Pods/Target Support Files/Pods-LocationWeather/Pods-LocationWeather-resources.sh\"\n";
			showEnvVarsInLog = 0;
		};
		43A463BF2C1098D3D54526A3 /* [CP] Embed Pods Frameworks */ = {
			isa = PBXShellScriptBuildPhase;
			buildActionMask = 2147483647;
			files = (
			);
			inputPaths = (
			);
			name = "[CP] Embed Pods Frameworks";
			outputPaths = (
			);
			runOnlyForDeploymentPostprocessing = 0;
			shellPath = /bin/sh;
			shellScript = "\"${SRCROOT}/Pods/Target Support Files/Pods-LocationWeather/Pods-LocationWeather-frameworks.sh\"\n";
			showEnvVarsInLog = 0;
		};
/* End PBXShellScriptBuildPhase section */

/* Begin PBXSourcesBuildPhase section */
		F9E750FF1D2681770068E5B5 /* Sources */ = {
			isa = PBXSourcesBuildPhase;
			buildActionMask = 2147483647;
			files = (
				F9E751091D2681770068E5B5 /* ViewController.swift in Sources */,
				F9E751071D2681770068E5B5 /* AppDelegate.swift in Sources */,
				F986A4811D26C64A00E1256C /* WeatherIcons.swift in Sources */,
			);
			runOnlyForDeploymentPostprocessing = 0;
		};
/* End PBXSourcesBuildPhase section */

/* Begin PBXVariantGroup section */
		F9E7510A1D2681770068E5B5 /* Main.storyboard */ = {
			isa = PBXVariantGroup;
			children = (
				F9E7510B1D2681770068E5B5 /* Base */,
			);
			name = Main.storyboard;
			sourceTree = "<group>";
		};
		F9E7510F1D2681770068E5B5 /* LaunchScreen.storyboard */ = {
			isa = PBXVariantGroup;
			children = (
				F9E751101D2681770068E5B5 /* Base */,
			);
			name = LaunchScreen.storyboard;
			sourceTree = "<group>";
		};
/* End PBXVariantGroup section */

/* Begin XCBuildConfiguration section */
		F9E751131D2681770068E5B5 /* Debug */ = {
			isa = XCBuildConfiguration;
			buildSettings = {
				ALWAYS_SEARCH_USER_PATHS = NO;
				CLANG_ANALYZER_NONNULL = YES;
				CLANG_CXX_LANGUAGE_STANDARD = "gnu++0x";
				CLANG_CXX_LIBRARY = "libc++";
				CLANG_ENABLE_MODULES = YES;
				CLANG_ENABLE_OBJC_ARC = YES;
				CLANG_WARN_BOOL_CONVERSION = YES;
				CLANG_WARN_CONSTANT_CONVERSION = YES;
				CLANG_WARN_DIRECT_OBJC_ISA_USAGE = YES_ERROR;
				CLANG_WARN_EMPTY_BODY = YES;
				CLANG_WARN_ENUM_CONVERSION = YES;
				CLANG_WARN_INT_CONVERSION = YES;
				CLANG_WARN_OBJC_ROOT_CLASS = YES_ERROR;
				CLANG_WARN_UNREACHABLE_CODE = YES;
				CLANG_WARN__DUPLICATE_METHOD_MATCH = YES;
				"CODE_SIGN_IDENTITY[sdk=iphoneos*]" = "iPhone Developer";
				COPY_PHASE_STRIP = NO;
				DEBUG_INFORMATION_FORMAT = dwarf;
				ENABLE_STRICT_OBJC_MSGSEND = YES;
				ENABLE_TESTABILITY = YES;
				GCC_C_LANGUAGE_STANDARD = gnu99;
				GCC_DYNAMIC_NO_PIC = NO;
				GCC_NO_COMMON_BLOCKS = YES;
				GCC_OPTIMIZATION_LEVEL = 0;
				GCC_PREPROCESSOR_DEFINITIONS = (
					"DEBUG=1",
					"$(inherited)",
				);
				GCC_WARN_64_TO_32_BIT_CONVERSION = YES;
				GCC_WARN_ABOUT_RETURN_TYPE = YES_ERROR;
				GCC_WARN_UNDECLARED_SELECTOR = YES;
				GCC_WARN_UNINITIALIZED_AUTOS = YES_AGGRESSIVE;
				GCC_WARN_UNUSED_FUNCTION = YES;
				GCC_WARN_UNUSED_VARIABLE = YES;
				IPHONEOS_DEPLOYMENT_TARGET = 9.3;
				MTL_ENABLE_DEBUG_INFO = YES;
				ONLY_ACTIVE_ARCH = YES;
				SDKROOT = iphoneos;
				SWIFT_OPTIMIZATION_LEVEL = "-Onone";
				TARGETED_DEVICE_FAMILY = "1,2";
			};
			name = Debug;
		};
		F9E751141D2681770068E5B5 /* Release */ = {
			isa = XCBuildConfiguration;
			buildSettings = {
				ALWAYS_SEARCH_USER_PATHS = NO;
				CLANG_ANALYZER_NONNULL = YES;
				CLANG_CXX_LANGUAGE_STANDARD = "gnu++0x";
				CLANG_CXX_LIBRARY = "libc++";
				CLANG_ENABLE_MODULES = YES;
				CLANG_ENABLE_OBJC_ARC = YES;
				CLANG_WARN_BOOL_CONVERSION = YES;
				CLANG_WARN_CONSTANT_CONVERSION = YES;
				CLANG_WARN_DIRECT_OBJC_ISA_USAGE = YES_ERROR;
				CLANG_WARN_EMPTY_BODY = YES;
				CLANG_WARN_ENUM_CONVERSION = YES;
				CLANG_WARN_INT_CONVERSION = YES;
				CLANG_WARN_OBJC_ROOT_CLASS = YES_ERROR;
				CLANG_WARN_UNREACHABLE_CODE = YES;
				CLANG_WARN__DUPLICATE_METHOD_MATCH = YES;
				"CODE_SIGN_IDENTITY[sdk=iphoneos*]" = "iPhone Developer";
				COPY_PHASE_STRIP = NO;
				DEBUG_INFORMATION_FORMAT = "dwarf-with-dsym";
				ENABLE_NS_ASSERTIONS = NO;
				ENABLE_STRICT_OBJC_MSGSEND = YES;
				GCC_C_LANGUAGE_STANDARD = gnu99;
				GCC_NO_COMMON_BLOCKS = YES;
				GCC_WARN_64_TO_32_BIT_CONVERSION = YES;
				GCC_WARN_ABOUT_RETURN_TYPE = YES_ERROR;
				GCC_WARN_UNDECLARED_SELECTOR = YES;
				GCC_WARN_UNINITIALIZED_AUTOS = YES_AGGRESSIVE;
				GCC_WARN_UNUSED_FUNCTION = YES;
				GCC_WARN_UNUSED_VARIABLE = YES;
				IPHONEOS_DEPLOYMENT_TARGET = 9.3;
				MTL_ENABLE_DEBUG_INFO = NO;
				SDKROOT = iphoneos;
				TARGETED_DEVICE_FAMILY = "1,2";
				VALIDATE_PRODUCT = YES;
			};
			name = Release;
		};
		F9E751161D2681770068E5B5 /* Debug */ = {
			isa = XCBuildConfiguration;
			baseConfigurationReference = 995451AFE89B96D50729BF89 /* Pods-LocationWeather.debug.xcconfig */;
			buildSettings = {
				ASSETCATALOG_COMPILER_APPICON_NAME = AppIcon;
				INFOPLIST_FILE = LocationWeather/Info.plist;
				LD_RUNPATH_SEARCH_PATHS = "$(inherited) @executable_path/Frameworks";
				PRODUCT_BUNDLE_IDENTIFIER = tw.blogspot.neil978.LocationWeather;
				PRODUCT_NAME = "$(TARGET_NAME)";
			};
			name = Debug;
		};
		F9E751171D2681770068E5B5 /* Release */ = {
			isa = XCBuildConfiguration;
			baseConfigurationReference = 82D6887A699074509FF2211A /* Pods-LocationWeather.release.xcconfig */;
			buildSettings = {
				ASSETCATALOG_COMPILER_APPICON_NAME = AppIcon;
				INFOPLIST_FILE = LocationWeather/Info.plist;
				LD_RUNPATH_SEARCH_PATHS = "$(inherited) @executable_path/Frameworks";
				PRODUCT_BUNDLE_IDENTIFIER = tw.blogspot.neil978.LocationWeather;
				PRODUCT_NAME = "$(TARGET_NAME)";
			};
			name = Release;
		};
/* End XCBuildConfiguration section */

/* Begin XCConfigurationList section */
		F9E750FE1D2681770068E5B5 /* Build configuration list for PBXProject "LocationWeather" */ = {
			isa = XCConfigurationList;
			buildConfigurations = (
				F9E751131D2681770068E5B5 /* Debug */,
				F9E751141D2681770068E5B5 /* Release */,
			);
			defaultConfigurationIsVisible = 0;
			defaultConfigurationName = Release;
		};
		F9E751151D2681770068E5B5 /* Build configuration list for PBXNativeTarget "LocationWeather" */ = {
			isa = XCConfigurationList;
			buildConfigurations = (
				F9E751161D2681770068E5B5 /* Debug */,
				F9E751171D2681770068E5B5 /* Release */,
			);
			defaultConfigurationIsVisible = 0;
			defaultConfigurationName = Release;
		};
/* End XCConfigurationList section */
	};
	rootObject = F9E750FB1D2681770068E5B5 /* Project object */;
}
